// !$*UTF8*$!
{
	archiveVersion = 1;
	classes = {
	};
	objectVersion = 46;
	objects = {

/* Begin PBXBuildFile section */
		D71881B71BBE02170063ED7E /* main.m in Sources */ = {isa = PBXBuildFile; fileRef = D71881B61BBE02170063ED7E /* main.m */; };
		D71881BA1BBE02170063ED7E /* AppDelegate.m in Sources */ = {isa = PBXBuildFile; fileRef = D71881B91BBE02170063ED7E /* AppDelegate.m */; };
		D71881BD1BBE02170063ED7E /* DashboardViewController.m in Sources */ = {isa = PBXBuildFile; fileRef = D71881BC1BBE02170063ED7E /* DashboardViewController.m */; };
		D71881C01BBE02170063ED7E /* FeedViewController.m in Sources */ = {isa = PBXBuildFile; fileRef = D71881BF1BBE02170063ED7E /* FeedViewController.m */; };
		D71881C31BBE02170063ED7E /* Main.storyboard in Resources */ = {isa = PBXBuildFile; fileRef = D71881C11BBE02170063ED7E /* Main.storyboard */; };
		D71881C51BBE02170063ED7E /* Assets.xcassets in Resources */ = {isa = PBXBuildFile; fileRef = D71881C41BBE02170063ED7E /* Assets.xcassets */; };
		D71881C81BBE02170063ED7E /* LaunchScreen.storyboard in Resources */ = {isa = PBXBuildFile; fileRef = D71881C61BBE02170063ED7E /* LaunchScreen.storyboard */; };
		D71881EC1BBE12BA0063ED7E /* sources.json in Resources */ = {isa = PBXBuildFile; fileRef = D71881EB1BBE12BA0063ED7E /* sources.json */; settings = {ASSET_TAGS = (); }; };
/* End PBXBuildFile section */

/* Begin PBXContainerItemProxy section */
		D71881CF1BBE02170063ED7E /* PBXContainerItemProxy */ = {
			isa = PBXContainerItemProxy;
			containerPortal = D71881AA1BBE02170063ED7E /* Project object */;
			proxyType = 1;
			remoteGlobalIDString = D71881B11BBE02170063ED7E;
			remoteInfo = NewsFeed;
		};
		D71881DA1BBE02170063ED7E /* PBXContainerItemProxy */ = {
			isa = PBXContainerItemProxy;
			containerPortal = D71881AA1BBE02170063ED7E /* Project object */;
			proxyType = 1;
			remoteGlobalIDString = D71881B11BBE02170063ED7E;
			remoteInfo = NewsFeed;
		};
/* End PBXContainerItemProxy section */

/* Begin PBXFileReference section */
		D71881B21BBE02170063ED7E /* NewsFeed.app */ = {isa = PBXFileReference; explicitFileType = wrapper.application; includeInIndex = 0; path = NewsFeed.app; sourceTree = BUILT_PRODUCTS_DIR; };
		D71881B61BBE02170063ED7E /* main.m */ = {isa = PBXFileReference; lastKnownFileType = sourcecode.c.objc; path = main.m; sourceTree = "<group>"; };
		D71881B81BBE02170063ED7E /* AppDelegate.h */ = {isa = PBXFileReference; lastKnownFileType = sourcecode.c.h; path = AppDelegate.h; sourceTree = "<group>"; };
		D71881B91BBE02170063ED7E /* AppDelegate.m */ = {isa = PBXFileReference; lastKnownFileType = sourcecode.c.objc; path = AppDelegate.m; sourceTree = "<group>"; };
		D71881BB1BBE02170063ED7E /* DashboardViewController.h */ = {isa = PBXFileReference; lastKnownFileType = sourcecode.c.h; path = DashboardViewController.h; sourceTree = "<group>"; };
		D71881BC1BBE02170063ED7E /* DashboardViewController.m */ = {isa = PBXFileReference; lastKnownFileType = sourcecode.c.objc; path = DashboardViewController.m; sourceTree = "<group>"; };
		D71881BE1BBE02170063ED7E /* FeedViewController.h */ = {isa = PBXFileReference; lastKnownFileType = sourcecode.c.h; path = FeedViewController.h; sourceTree = "<group>"; };
		D71881BF1BBE02170063ED7E /* FeedViewController.m */ = {isa = PBXFileReference; lastKnownFileType = sourcecode.c.objc; path = FeedViewController.m; sourceTree = "<group>"; };
		D71881C21BBE02170063ED7E /* Base */ = {isa = PBXFileReference; lastKnownFileType = file.storyboard; name = Base; path = Base.lproj/Main.storyboard; sourceTree = "<group>"; };
		D71881C41BBE02170063ED7E /* Assets.xcassets */ = {isa = PBXFileReference; lastKnownFileType = folder.assetcatalog; path = Assets.xcassets; sourceTree = "<group>"; };
		D71881C71BBE02170063ED7E /* Base */ = {isa = PBXFileReference; lastKnownFileType = file.storyboard; name = Base; path = Base.lproj/LaunchScreen.storyboard; sourceTree = "<group>"; };
		D71881C91BBE02170063ED7E /* Info.plist */ = {isa = PBXFileReference; lastKnownFileType = text.plist.xml; path = Info.plist; sourceTree = "<group>"; };
		D71881CE1BBE02170063ED7E /* NewsFeedTests.xctest */ = {isa = PBXFileReference; explicitFileType = wrapper.cfbundle; includeInIndex = 0; path = NewsFeedTests.xctest; sourceTree = BUILT_PRODUCTS_DIR; };
		D71881D41BBE02170063ED7E /* Info.plist */ = {isa = PBXFileReference; lastKnownFileType = text.plist.xml; path = Info.plist; sourceTree = "<group>"; };
		D71881D91BBE02170063ED7E /* NewsFeedUITests.xctest */ = {isa = PBXFileReference; explicitFileType = wrapper.cfbundle; includeInIndex = 0; path = NewsFeedUITests.xctest; sourceTree = BUILT_PRODUCTS_DIR; };
		D71881EB1BBE12BA0063ED7E /* sources.json */ = {isa = PBXFileReference; fileEncoding = 4; lastKnownFileType = text.json; path = sources.json; sourceTree = "<group>"; };
/* End PBXFileReference section */

/* Begin PBXFrameworksBuildPhase section */
		D71881AF1BBE02170063ED7E /* Frameworks */ = {
			isa = PBXFrameworksBuildPhase;
			buildActionMask = 2147483647;
			files = (
			);
			runOnlyForDeploymentPostprocessing = 0;
		};
		D71881CB1BBE02170063ED7E /* Frameworks */ = {
			isa = PBXFrameworksBuildPhase;
			buildActionMask = 2147483647;
			files = (
			);
			runOnlyForDeploymentPostprocessing = 0;
		};
		D71881D61BBE02170063ED7E /* Frameworks */ = {
			isa = PBXFrameworksBuildPhase;
			buildActionMask = 2147483647;
			files = (
			);
			runOnlyForDeploymentPostprocessing = 0;
		};
/* End PBXFrameworksBuildPhase section */

/* Begin PBXGroup section */
		D71881A91BBE02170063ED7E = {
			isa = PBXGroup;
			children = (
				D71881B41BBE02170063ED7E /* NewsFeed */,
				D71881D11BBE02170063ED7E /* NewsFeedTests */,
				D71881B31BBE02170063ED7E /* Products */,
			);
			sourceTree = "<group>";
		};
		D71881B31BBE02170063ED7E /* Products */ = {
			isa = PBXGroup;
			children = (
				D71881B21BBE02170063ED7E /* NewsFeed.app */,
				D71881CE1BBE02170063ED7E /* NewsFeedTests.xctest */,
				D71881D91BBE02170063ED7E /* NewsFeedUITests.xctest */,
			);
			name = Products;
			sourceTree = "<group>";
		};
		D71881B41BBE02170063ED7E /* NewsFeed */ = {
			isa = PBXGroup;
			children = (
				D71881B81BBE02170063ED7E /* AppDelegate.h */,
				D71881B91BBE02170063ED7E /* AppDelegate.m */,
				D71881EB1BBE12BA0063ED7E /* sources.json */,
				D71881BB1BBE02170063ED7E /* DashboardViewController.h */,
				D71881BC1BBE02170063ED7E /* DashboardViewController.m */,
				D71881BE1BBE02170063ED7E /* FeedViewController.h */,
				D71881BF1BBE02170063ED7E /* FeedViewController.m */,
				D71881C11BBE02170063ED7E /* Main.storyboard */,
				D71881C41BBE02170063ED7E /* Assets.xcassets */,
				D71881C61BBE02170063ED7E /* LaunchScreen.storyboard */,
				D71881C91BBE02170063ED7E /* Info.plist */,
				D71881B51BBE02170063ED7E /* Supporting Files */,
			);
			path = NewsFeed;
			sourceTree = "<group>";
		};
		D71881B51BBE02170063ED7E /* Supporting Files */ = {
			isa = PBXGroup;
			children = (
				D71881B61BBE02170063ED7E /* main.m */,
			);
			name = "Supporting Files";
			sourceTree = "<group>";
		};
		D71881D11BBE02170063ED7E /* NewsFeedTests */ = {
			isa = PBXGroup;
			children = (
				D71881D41BBE02170063ED7E /* Info.plist */,
			);
			path = NewsFeedTests;
			sourceTree = "<group>";
		};
/* End PBXGroup section */

/* Begin PBXNativeTarget section */
		D71881B11BBE02170063ED7E /* NewsFeed */ = {
			isa = PBXNativeTarget;
			buildConfigurationList = D71881E21BBE02170063ED7E /* Build configuration list for PBXNativeTarget "NewsFeed" */;
			buildPhases = (
				D71881AE1BBE02170063ED7E /* Sources */,
				D71881AF1BBE02170063ED7E /* Frameworks */,
				D71881B01BBE02170063ED7E /* Resources */,
			);
			buildRules = (
			);
			dependencies = (
			);
			name = NewsFeed;
			productName = NewsFeed;
			productReference = D71881B21BBE02170063ED7E /* NewsFeed.app */;
			productType = "com.apple.product-type.application";
		};
		D71881CD1BBE02170063ED7E /* NewsFeedTests */ = {
			isa = PBXNativeTarget;
			buildConfigurationList = D71881E51BBE02170063ED7E /* Build configuration list for PBXNativeTarget "NewsFeedTests" */;
			buildPhases = (
				D71881CA1BBE02170063ED7E /* Sources */,
				D71881CB1BBE02170063ED7E /* Frameworks */,
				D71881CC1BBE02170063ED7E /* Resources */,
			);
			buildRules = (
			);
			dependencies = (
				D71881D01BBE02170063ED7E /* PBXTargetDependency */,
			);
			name = NewsFeedTests;
			productName = NewsFeedTests;
			productReference = D71881CE1BBE02170063ED7E /* NewsFeedTests.xctest */;
			productType = "com.apple.product-type.bundle.unit-test";
		};
		D71881D81BBE02170063ED7E /* NewsFeedUITests */ = {
			isa = PBXNativeTarget;
			buildConfigurationList = D71881E81BBE02170063ED7E /* Build configuration list for PBXNativeTarget "NewsFeedUITests" */;
			buildPhases = (
				D71881D51BBE02170063ED7E /* Sources */,
				D71881D61BBE02170063ED7E /* Frameworks */,
				D71881D71BBE02170063ED7E /* Resources */,
			);
			buildRules = (
			);
			dependencies = (
				D71881DB1BBE02170063ED7E /* PBXTargetDependency */,
			);
			name = NewsFeedUITests;
			productName = NewsFeedUITests;
			productReference = D71881D91BBE02170063ED7E /* NewsFeedUITests.xctest */;
			productType = "com.apple.product-type.bundle.ui-testing";
		};
/* End PBXNativeTarget section */

/* Begin PBXProject section */
		D71881AA1BBE02170063ED7E /* Project object */ = {
			isa = PBXProject;
			attributes = {
				LastUpgradeCheck = 0700;
				ORGANIZATIONNAME = "Gaurav Konchady";
				TargetAttributes = {
					D71881B11BBE02170063ED7E = {
						CreatedOnToolsVersion = 7.0.1;
					};
					D71881CD1BBE02170063ED7E = {
						CreatedOnToolsVersion = 7.0.1;
						TestTargetID = D71881B11BBE02170063ED7E;
					};
					D71881D81BBE02170063ED7E = {
						CreatedOnToolsVersion = 7.0.1;
						TestTargetID = D71881B11BBE02170063ED7E;
					};
				};
			};
			buildConfigurationList = D71881AD1BBE02170063ED7E /* Build configuration list for PBXProject "NewsFeed" */;
			compatibilityVersion = "Xcode 3.2";
			developmentRegion = English;
			hasScannedForEncodings = 0;
			knownRegions = (
				en,
				Base,
			);
			mainGroup = D71881A91BBE02170063ED7E;
			productRefGroup = D71881B31BBE02170063ED7E /* Products */;
			projectDirPath = "";
			projectRoot = "";
			targets = (
				D71881B11BBE02170063ED7E /* NewsFeed */,
				D71881CD1BBE02170063ED7E /* NewsFeedTests */,
				D71881D81BBE02170063ED7E /* NewsFeedUITests */,
			);
		};
/* End PBXProject section */

/* Begin PBXResourcesBuildPhase section */
		D71881B01BBE02170063ED7E /* Resources */ = {
			isa = PBXResourcesBuildPhase;
			buildActionMask = 2147483647;
			files = (
				D71881EC1BBE12BA0063ED7E /* sources.json in Resources */,
				D71881C81BBE02170063ED7E /* LaunchScreen.storyboard in Resources */,
				D71881C51BBE02170063ED7E /* Assets.xcassets in Resources */,
				D71881C31BBE02170063ED7E /* Main.storyboard in Resources */,
			);
			runOnlyForDeploymentPostprocessing = 0;
		};
		D71881CC1BBE02170063ED7E /* Resources */ = {
			isa = PBXResourcesBuildPhase;
			buildActionMask = 2147483647;
			files = (
			);
			runOnlyForDeploymentPostprocessing = 0;
		};
		D71881D71BBE02170063ED7E /* Resources */ = {
			isa = PBXResourcesBuildPhase;
			buildActionMask = 2147483647;
			files = (
			);
			runOnlyForDeploymentPostprocessing = 0;
		};
/* End PBXResourcesBuildPhase section */

/* Begin PBXSourcesBuildPhase section */
		D71881AE1BBE02170063ED7E /* Sources */ = {
			isa = PBXSourcesBuildPhase;
			buildActionMask = 2147483647;
			files = (
				D71881BA1BBE02170063ED7E /* AppDelegate.m in Sources */,
				D71881BD1BBE02170063ED7E /* DashboardViewController.m in Sources */,
				D71881B71BBE02170063ED7E /* main.m in Sources */,
				D71881C01BBE02170063ED7E /* FeedViewController.m in Sources */,
			);
			runOnlyForDeploymentPostprocessing = 0;
		};
		D71881CA1BBE02170063ED7E /* Sources */ = {
			isa = PBXSourcesBuildPhase;
			buildActionMask = 2147483647;
			files = (
			);
			runOnlyForDeploymentPostprocessing = 0;
		};
		D71881D51BBE02170063ED7E /* Sources */ = {
			isa = PBXSourcesBuildPhase;
			buildActionMask = 2147483647;
			files = (
			);
			runOnlyForDeploymentPostprocessing = 0;
		};
/* End PBXSourcesBuildPhase section */

/* Begin PBXTargetDependency section */
		D71881D01BBE02170063ED7E /* PBXTargetDependency */ = {
			isa = PBXTargetDependency;
			target = D71881B11BBE02170063ED7E /* NewsFeed */;
			targetProxy = D71881CF1BBE02170063ED7E /* PBXContainerItemProxy */;
		};
		D71881DB1BBE02170063ED7E /* PBXTargetDependency */ = {
			isa = PBXTargetDependency;
			target = D71881B11BBE02170063ED7E /* NewsFeed */;
			targetProxy = D71881DA1BBE02170063ED7E /* PBXContainerItemProxy */;
		};
/* End PBXTargetDependency section */

/* Begin PBXVariantGroup section */
		D71881C11BBE02170063ED7E /* Main.storyboard */ = {
			isa = PBXVariantGroup;
			children = (
				D71881C21BBE02170063ED7E /* Base */,
			);
			name = Main.storyboard;
			sourceTree = "<group>";
		};
		D71881C61BBE02170063ED7E /* LaunchScreen.storyboard */ = {
			isa = PBXVariantGroup;
			children = (
				D71881C71BBE02170063ED7E /* Base */,
			);
			name = LaunchScreen.storyboard;
			sourceTree = "<group>";
		};
/* End PBXVariantGroup section */

/* Begin XCBuildConfiguration section */
		D71881E01BBE02170063ED7E /* Debug */ = {
			isa = XCBuildConfiguration;
			buildSettings = {
				ALWAYS_SEARCH_USER_PATHS = NO;
				CLANG_CXX_LANGUAGE_STANDARD = "gnu++0x";
				CLANG_CXX_LIBRARY = "libc++";
				CLANG_ENABLE_MODULES = YES;
				CLANG_ENABLE_OBJC_ARC = YES;
				CLANG_WARN_BOOL_CONVERSION = YES;
				CLANG_WARN_CONSTANT_CONVERSION = YES;
				CLANG_WARN_DIRECT_OBJC_ISA_USAGE = YES_ERROR;
				CLANG_WARN_EMPTY_BODY = YES;
				CLANG_WARN_ENUM_CONVERSION = YES;
				CLANG_WARN_INT_CONVERSION = YES;
				CLANG_WARN_OBJC_ROOT_CLASS = YES_ERROR;
				CLANG_WARN_UNREACHABLE_CODE = YES;
				CLANG_WARN__DUPLICATE_METHOD_MATCH = YES;
				"CODE_SIGN_IDENTITY[sdk=iphoneos*]" = "iPhone Developer";
				COPY_PHASE_STRIP = NO;
				DEBUG_INFORMATION_FORMAT = dwarf;
				ENABLE_STRICT_OBJC_MSGSEND = YES;
				ENABLE_TESTABILITY = YES;
				GCC_C_LANGUAGE_STANDARD = gnu99;
				GCC_DYNAMIC_NO_PIC = NO;
				GCC_NO_COMMON_BLOCKS = YES;
				GCC_OPTIMIZATION_LEVEL = 0;
				GCC_PREPROCESSOR_DEFINITIONS = (
					"DEBUG=1",
					"$(inherited)",
				);
				GCC_WARN_64_TO_32_BIT_CONVERSION = YES;
				GCC_WARN_ABOUT_RETURN_TYPE = YES_ERROR;
				GCC_WARN_UNDECLARED_SELECTOR = YES;
				GCC_WARN_UNINITIALIZED_AUTOS = YES_AGGRESSIVE;
				GCC_WARN_UNUSED_FUNCTION = YES;
				GCC_WARN_UNUSED_VARIABLE = YES;
				IPHONEOS_DEPLOYMENT_TARGET = 9.0;
				MTL_ENABLE_DEBUG_INFO = YES;
				ONLY_ACTIVE_ARCH = YES;
				SDKROOT = iphoneos;
			};
			name = Debug;
		};
		D71881E11BBE02170063ED7E /* Release */ = {
			isa = XCBuildConfiguration;
			buildSettings = {
				ALWAYS_SEARCH_USER_PATHS = NO;
				CLANG_CXX_LANGUAGE_STANDARD = "gnu++0x";
				CLANG_CXX_LIBRARY = "libc++";
				CLANG_ENABLE_MODULES = YES;
				CLANG_ENABLE_OBJC_ARC = YES;
				CLANG_WARN_BOOL_CONVERSION = YES;
				CLANG_WARN_CONSTANT_CONVERSION = YES;
				CLANG_WARN_DIRECT_OBJC_ISA_USAGE = YES_ERROR;
				CLANG_WARN_EMPTY_BODY = YES;
				CLANG_WARN_ENUM_CONVERSION = YES;
				CLANG_WARN_INT_CONVERSION = YES;
				CLANG_WARN_OBJC_ROOT_CLASS = YES_ERROR;
				CLANG_WARN_UNREACHABLE_CODE = YES;
				CLANG_WARN__DUPLICATE_METHOD_MATCH = YES;
				"CODE_SIGN_IDENTITY[sdk=iphoneos*]" = "iPhone Developer";
				COPY_PHASE_STRIP = NO;
				DEBUG_INFORMATION_FORMAT = "dwarf-with-dsym";
				ENABLE_NS_ASSERTIONS = NO;
				ENABLE_STRICT_OBJC_MSGSEND = YES;
				GCC_C_LANGUAGE_STANDARD = gnu99;
				GCC_NO_COMMON_BLOCKS = YES;
				GCC_WARN_64_TO_32_BIT_CONVERSION = YES;
				GCC_WARN_ABOUT_RETURN_TYPE = YES_ERROR;
				GCC_WARN_UNDECLARED_SELECTOR = YES;
				GCC_WARN_UNINITIALIZED_AUTOS = YES_AGGRESSIVE;
				GCC_WARN_UNUSED_FUNCTION = YES;
				GCC_WARN_UNUSED_VARIABLE = YES;
				IPHONEOS_DEPLOYMENT_TARGET = 9.0;
				MTL_ENABLE_DEBUG_INFO = NO;
				SDKROOT = iphoneos;
				VALIDATE_PRODUCT = YES;
			};
			name = Release;
		};
		D71881E31BBE02170063ED7E /* Debug */ = {
			isa = XCBuildConfiguration;
			buildSettings = {
				ASSETCATALOG_COMPILER_APPICON_NAME = AppIcon;
				INFOPLIST_FILE = NewsFeed/Info.plist;
				LD_RUNPATH_SEARCH_PATHS = "$(inherited) @executable_path/Frameworks";
				PRODUCT_BUNDLE_IDENTIFIER = net.gsk.NewsFeed;
				PRODUCT_NAME = "$(TARGET_NAME)";
			};
			name = Debug;
		};
		D71881E41BBE02170063ED7E /* Release */ = {
			isa = XCBuildConfiguration;
			buildSettings = {
				ASSETCATALOG_COMPILER_APPICON_NAME = AppIcon;
				INFOPLIST_FILE = NewsFeed/Info.plist;
				LD_RUNPATH_SEARCH_PATHS = "$(inherited) @executable_path/Frameworks";
				PRODUCT_BUNDLE_IDENTIFIER = net.gsk.NewsFeed;
				PRODUCT_NAME = "$(TARGET_NAME)";
			};
			name = Release;
		};
		D71881E61BBE02170063ED7E /* Debug */ = {
			isa = XCBuildConfiguration;
			buildSettings = {
				BUNDLE_LOADER = "$(TEST_HOST)";
				INFOPLIST_FILE = NewsFeedTests/Info.plist;
				LD_RUNPATH_SEARCH_PATHS = "$(inherited) @executable_path/Frameworks @loader_path/Frameworks";
				PRODUCT_BUNDLE_IDENTIFIER = net.gsk.NewsFeedTests;
				PRODUCT_NAME = "$(TARGET_NAME)";
				TEST_HOST = "$(BUILT_PRODUCTS_DIR)/NewsFeed.app/NewsFeed";
			};
			name = Debug;
		};
		D71881E71BBE02170063ED7E /* Release */ = {
			isa = XCBuildConfiguration;
			buildSettings = {
				BUNDLE_LOADER = "$(TEST_HOST)";
				INFOPLIST_FILE = NewsFeedTests/Info.plist;
				LD_RUNPATH_SEARCH_PATHS = "$(inherited) @executable_path/Frameworks @loader_path/Frameworks";
				PRODUCT_BUNDLE_IDENTIFIER = net.gsk.NewsFeedTests;
				PRODUCT_NAME = "$(TARGET_NAME)";
				TEST_HOST = "$(BUILT_PRODUCTS_DIR)/NewsFeed.app/NewsFeed";
			};
			name = Release;
		};
		D71881E91BBE02170063ED7E /* Debug */ = {
			isa = XCBuildConfiguration;
			buildSettings = {
				INFOPLIST_FILE = NewsFeedUITests/Info.plist;
				LD_RUNPATH_SEARCH_PATHS = "$(inherited) @executable_path/Frameworks @loader_path/Frameworks";
				PRODUCT_BUNDLE_IDENTIFIER = net.gsk.NewsFeedUITests;
				PRODUCT_NAME = "$(TARGET_NAME)";
				TEST_TARGET_NAME = NewsFeed;
				USES_XCTRUNNER = YES;
			};
			name = Debug;
		};
		D71881EA1BBE02170063ED7E /* Release */ = {
			isa = XCBuildConfiguration;
			buildSettings = {
				INFOPLIST_FILE = NewsFeedUITests/Info.plist;
				LD_RUNPATH_SEARCH_PATHS = "$(inherited) @executable_path/Frameworks @loader_path/Frameworks";
				PRODUCT_BUNDLE_IDENTIFIER = net.gsk.NewsFeedUITests;
				PRODUCT_NAME = "$(TARGET_NAME)";
				TEST_TARGET_NAME = NewsFeed;
				USES_XCTRUNNER = YES;
			};
			name = Release;
		};
/* End XCBuildConfiguration section */

/* Begin XCConfigurationList section */
		D71881AD1BBE02170063ED7E /* Build configuration list for PBXProject "NewsFeed" */ = {
			isa = XCConfigurationList;
			buildConfigurations = (
				D71881E01BBE02170063ED7E /* Debug */,
				D71881E11BBE02170063ED7E /* Release */,
			);
			defaultConfigurationIsVisible = 0;
			defaultConfigurationName = Release;
		};
		D71881E21BBE02170063ED7E /* Build configuration list for PBXNativeTarget "NewsFeed" */ = {
			isa = XCConfigurationList;
			buildConfigurations = (
				D71881E31BBE02170063ED7E /* Debug */,
				D71881E41BBE02170063ED7E /* Release */,
			);
			defaultConfigurationIsVisible = 0;
		};
		D71881E51BBE02170063ED7E /* Build configuration list for PBXNativeTarget "NewsFeedTests" */ = {
			isa = XCConfigurationList;
			buildConfigurations = (
				D71881E61BBE02170063ED7E /* Debug */,
				D71881E71BBE02170063ED7E /* Release */,
			);
			defaultConfigurationIsVisible = 0;
		};
		D71881E81BBE02170063ED7E /* Build configuration list for PBXNativeTarget "NewsFeedUITests" */ = {
			isa = XCConfigurationList;
			buildConfigurations = (
				D71881E91BBE02170063ED7E /* Debug */,
				D71881EA1BBE02170063ED7E /* Release */,
			);
			defaultConfigurationIsVisible = 0;
		};
/* End XCConfigurationList section */
	};
	rootObject = D71881AA1BBE02170063ED7E /* Project object */;
}
